
Microsoft Visual Studio Solution File, Format Version 12.00
# Visual Studio 15
VisualStudioVersion = 15.0.27703.2026
MinimumVisualStudioVersion = 10.0.40219.1
Project("{FAE04EC0-301F-11D3-BF4B-00C04F79EFBC}") = "fu5", "fu5\fu5.csproj", "{0E63E8E8-0E5B-4E47-A8AE-D3BAD5BF969E}"
EndProject
Global
	GlobalSection(SolutionConfigurationPlatforms) = preSolution
		Debug|Any CPU = Debug|Any CPU
		Release|Any CPU = Release|Any CPU
	EndGlobalSection
	GlobalSection(ProjectConfigurationPlatforms) = postSolution
		{0E63E8E8-0E5B-4E47-A8AE-D3BAD5BF969E}.Debug|Any CPU.ActiveCfg = Debug|Any CPU
		{0E63E8E8-0E5B-4E47-A8AE-D3BAD5BF969E}.Debug|Any CPU.Build.0 = Debug|Any CPU
		{0E63E8E8-0E5B-4E47-A8AE-D3BAD5BF969E}.Release|Any CPU.ActiveCfg = Release|Any CPU
		{0E63E8E8-0E5B-4E47-A8AE-D3BAD5BF969E}.Release|Any CPU.Build.0 = Release|Any CPU
	EndGlobalSection
	GlobalSection(SolutionProperties) = preSolution
		HideSolutionNode = FALSE
	EndGlobalSection
	GlobalSection(ExtensibilityGlobals) = postSolution
		SolutionGuid = {69C93670-D8AE-4E70-94F6-265ABD153664}
	EndGlobalSection
EndGlobal
