
Microsoft Visual Studio Solution File, Format Version 12.00
# Visual Studio 15
VisualStudioVersion = 15.0.27703.2035
MinimumVisualStudioVersion = 10.0.40219.1
Project("{FAE04EC0-301F-11D3-BF4B-00C04F79EFBC}") = "Raxunok", "Raxunok\Raxunok.csproj", "{645C137A-ACC0-4590-B98E-033C7FC1E56F}"
EndProject
Global
	GlobalSection(SolutionConfigurationPlatforms) = preSolution
		Debug|Any CPU = Debug|Any CPU
		Release|Any CPU = Release|Any CPU
	EndGlobalSection
	GlobalSection(ProjectConfigurationPlatforms) = postSolution
		{645C137A-ACC0-4590-B98E-033C7FC1E56F}.Debug|Any CPU.ActiveCfg = Debug|Any CPU
		{645C137A-ACC0-4590-B98E-033C7FC1E56F}.Debug|Any CPU.Build.0 = Debug|Any CPU
		{645C137A-ACC0-4590-B98E-033C7FC1E56F}.Release|Any CPU.ActiveCfg = Release|Any CPU
		{645C137A-ACC0-4590-B98E-033C7FC1E56F}.Release|Any CPU.Build.0 = Release|Any CPU
	EndGlobalSection
	GlobalSection(SolutionProperties) = preSolution
		HideSolutionNode = FALSE
	EndGlobalSection
	GlobalSection(ExtensibilityGlobals) = postSolution
		SolutionGuid = {1781FD18-35AC-4897-ABCE-EBC9954F8C99}
	EndGlobalSection
EndGlobal
